
Microsoft Visual Studio Solution File, Format Version 12.00
# Visual Studio 15
VisualStudioVersion = 15.0.27428.2002
MinimumVisualStudioVersion = 10.0.40219.1
Project("{FAE04EC0-301F-11D3-BF4B-00C04F79EFBC}") = "API", "API\API.csproj", "{35B76C52-4218-4EB3-B229-4268DBCDEEB1}"
EndProject
Project("{FAE04EC0-301F-11D3-BF4B-00C04F79EFBC}") = "Data", "Data\Data.csproj", "{CB742619-72BA-42C0-B363-994C78AF2961}"
EndProject
Project("{FAE04EC0-301F-11D3-BF4B-00C04F79EFBC}") = "Data.Fake", "Data.Fake\Data.Fake.csproj", "{D7F3335E-4108-4048-9C44-D7BA8C2CF302}"
EndProject
Project("{FAE04EC0-301F-11D3-BF4B-00C04F79EFBC}") = "Domain", "Domain\Domain.csproj", "{14867628-DD22-44B4-AA47-C07189786043}"
EndProject
Project("{FAE04EC0-301F-11D3-BF4B-00C04F79EFBC}") = "Domain.Enums", "Domain.Enums\Domain.Enums.csproj", "{6A20AF23-6178-4285-8371-5362F7BE7DA0}"
EndProject
Project("{FAE04EC0-301F-11D3-BF4B-00C04F79EFBC}") = "Domain.Services", "Domain.Services\Domain.Services.csproj", "{AAF87D92-A414-4055-A6BF-EE422B7AFA0E}"
EndProject
Global
	GlobalSection(SolutionConfigurationPlatforms) = preSolution
		Debug|Any CPU = Debug|Any CPU
		Release|Any CPU = Release|Any CPU
	EndGlobalSection
	GlobalSection(ProjectConfigurationPlatforms) = postSolution
		{35B76C52-4218-4EB3-B229-4268DBCDEEB1}.Debug|Any CPU.ActiveCfg = Debug|Any CPU
		{35B76C52-4218-4EB3-B229-4268DBCDEEB1}.Debug|Any CPU.Build.0 = Debug|Any CPU
		{35B76C52-4218-4EB3-B229-4268DBCDEEB1}.Release|Any CPU.ActiveCfg = Release|Any CPU
		{35B76C52-4218-4EB3-B229-4268DBCDEEB1}.Release|Any CPU.Build.0 = Release|Any CPU
		
		{CB742619-72BA-42C0-B363-994C78AF2961}.Debug|Any CPU.ActiveCfg = Debug|Any CPU
		{CB742619-72BA-42C0-B363-994C78AF2961}.Debug|Any CPU.Build.0 = Debug|Any CPU
		{CB742619-72BA-42C0-B363-994C78AF2961}.Release|Any CPU.ActiveCfg = Release|Any CPU
		{CB742619-72BA-42C0-B363-994C78AF2961}.Release|Any CPU.Build.0 = Release|Any CPU
		
		{D7F3335E-4108-4048-9C44-D7BA8C2CF302}.Debug|Any CPU.ActiveCfg = Debug|Any CPU
		{D7F3335E-4108-4048-9C44-D7BA8C2CF302}.Debug|Any CPU.Build.0 = Debug|Any CPU
		{D7F3335E-4108-4048-9C44-D7BA8C2CF302}.Release|Any CPU.ActiveCfg = Release|Any CPU
		{D7F3335E-4108-4048-9C44-D7BA8C2CF302}.Release|Any CPU.Build.0 = Release|Any CPU
		
		{14867628-DD22-44B4-AA47-C07189786043}.Debug|Any CPU.ActiveCfg = Debug|Any CPU
		{14867628-DD22-44B4-AA47-C07189786043}.Debug|Any CPU.Build.0 = Debug|Any CPU
		{14867628-DD22-44B4-AA47-C07189786043}.Release|Any CPU.ActiveCfg = Release|Any CPU
		{14867628-DD22-44B4-AA47-C07189786043}.Release|Any CPU.Build.0 = Release|Any CPU
		
		{6A20AF23-6178-4285-8371-5362F7BE7DA0}.Debug|Any CPU.ActiveCfg = Debug|Any CPU
		{6A20AF23-6178-4285-8371-5362F7BE7DA0}.Debug|Any CPU.Build.0 = Debug|Any CPU
		{6A20AF23-6178-4285-8371-5362F7BE7DA0}.Release|Any CPU.ActiveCfg = Release|Any CPU
		{6A20AF23-6178-4285-8371-5362F7BE7DA0}.Release|Any CPU.Build.0 = Release|Any CPU
		
		{AAF87D92-A414-4055-A6BF-EE422B7AFA0E}.Debug|Any CPU.ActiveCfg = Debug|Any CPU
		{AAF87D92-A414-4055-A6BF-EE422B7AFA0E}.Debug|Any CPU.Build.0 = Debug|Any CPU
		{AAF87D92-A414-4055-A6BF-EE422B7AFA0E}.Release|Any CPU.ActiveCfg = Release|Any CPU
		{AAF87D92-A414-4055-A6BF-EE422B7AFA0E}.Release|Any CPU.Build.0 = Release|Any CPU
	EndGlobalSection
	GlobalSection(SolutionProperties) = preSolution
		HideSolutionNode = FALSE
	EndGlobalSection
	GlobalSection(ExtensibilityGlobals) = postSolution
		SolutionGuid = {516E05EB-7286-4272-81C0-886A9CE96206}
	EndGlobalSection
EndGlobal
